
Microsoft Visual Studio Solution File, Format Version 12.00
# Visual Studio Version 17
VisualStudioVersion = 17.6.33829.357
MinimumVisualStudioVersion = 10.0.40219.1
Project("{FAE04EC0-301F-11D3-BF4B-00C04F79EFBC}") = "BogusFakeData", "BogusFakeData\BogusFakeData.csproj", "{18981923-A60E-48C5-B6B2-2084F8F2BFDA}"
EndProject
Global
	GlobalSection(SolutionConfigurationPlatforms) = preSolution
		Debug|Any CPU = Debug|Any CPU
		Release|Any CPU = Release|Any CPU
	EndGlobalSection
	GlobalSection(ProjectConfigurationPlatforms) = postSolution
		{18981923-A60E-48C5-B6B2-2084F8F2BFDA}.Debug|Any CPU.ActiveCfg = Debug|Any CPU
		{18981923-A60E-48C5-B6B2-2084F8F2BFDA}.Debug|Any CPU.Build.0 = Debug|Any CPU
		{18981923-A60E-48C5-B6B2-2084F8F2BFDA}.Release|Any CPU.ActiveCfg = Release|Any CPU
		{18981923-A60E-48C5-B6B2-2084F8F2BFDA}.Release|Any CPU.Build.0 = Release|Any CPU
	EndGlobalSection
	GlobalSection(SolutionProperties) = preSolution
		HideSolutionNode = FALSE
	EndGlobalSection
	GlobalSection(ExtensibilityGlobals) = postSolution
		SolutionGuid = {BC1973A3-FE8F-49AF-B794-5C6280A1CAD6}
	EndGlobalSection
EndGlobal
